
Microsoft Visual Studio Solution File, Format Version 12.00
# Visual Studio Version 17
VisualStudioVersion = 17.6.33829.357
MinimumVisualStudioVersion = 10.0.40219.1
Project("{FAE04EC0-301F-11D3-BF4B-00C04F79EFBC}") = "Project2APICreation", "Project2APICreation\Project2APICreation.csproj", "{4781365F-A149-4BB4-A54C-99341149B325}"
EndProject
Global
	GlobalSection(SolutionConfigurationPlatforms) = preSolution
		Debug|Any CPU = Debug|Any CPU
		Release|Any CPU = Release|Any CPU
	EndGlobalSection
	GlobalSection(ProjectConfigurationPlatforms) = postSolution
		{4781365F-A149-4BB4-A54C-99341149B325}.Debug|Any CPU.ActiveCfg = Debug|Any CPU
		{4781365F-A149-4BB4-A54C-99341149B325}.Debug|Any CPU.Build.0 = Debug|Any CPU
		{4781365F-A149-4BB4-A54C-99341149B325}.Release|Any CPU.ActiveCfg = Release|Any CPU
		{4781365F-A149-4BB4-A54C-99341149B325}.Release|Any CPU.Build.0 = Release|Any CPU
	EndGlobalSection
	GlobalSection(SolutionProperties) = preSolution
		HideSolutionNode = FALSE
	EndGlobalSection
	GlobalSection(ExtensibilityGlobals) = postSolution
		SolutionGuid = {4113E107-64DC-4BCA-B93D-AB58D2CFF183}
	EndGlobalSection
EndGlobal
